{
  "name": "test-angularjs",
  "version": "1.0.0",
  "lockfileVersion": 1,
  "requires": true,
  "dependencies": {
    "@types/angular": {
      "version": "1.8.4",
      "resolved": "https://registry.npmjs.org/@types/angular/-/angular-1.8.4.tgz",
      "integrity": "sha512-wPS/ncJWhyxJsndsW1B6Ta8D4mi97x1yItSu+rkLDytU3oRIh2CFAjMuJceYwFAh9+DIohndWM0QBA9OU2Hv0g==",
      "dev": true
    },
    "@types/node": {
      "version": "18.8.3",
      "resolved": "https://registry.npmjs.org/@types/node/-/node-18.8.3.tgz",
      "integrity": "sha512-0os9vz6BpGwxGe9LOhgP/ncvYN5Tx1fNcd2TM3rD/aCGBkysb+ZWpXEocG24h6ZzOi13+VB8HndAQFezsSOw1w==",
      "dev": true
    },
    "angular": {
      "version": "1.2.27",
      "resolved": "https://registry.npmjs.org/angular/-/angular-1.2.27.tgz",
      "integrity": "sha512-ndlsD5NzeEyyoOyz9f1nrtIsRwnfWZZcBAIom4OZnNBbgCIlHeMazDW/YRlmsnPBYmMh8YZY4KwHF1Joa5OMeA=="
    },
    "angular-route": {
      "version": "1.2.27",
      "resolved": "https://registry.npmjs.org/angular-route/-/angular-route-1.2.27.tgz",
      "integrity": "sha512-UzaMPJxIS/5gkA0+KINLdiV+qaqWvynaemLkFS52cK1UUvw6+240NJ39Sz6c6piZdMFyfC8rvxdlol1U/TXpPQ=="
    },
    "typescript": {
      "version": "4.8.4",
      "resolved": "https://registry.npmjs.org/typescript/-/typescript-4.8.4.tgz",
      "integrity": "sha512-QCh+85mCy+h0IGff8r5XWzOVSbBO+KfeYrMQh7NJ58QujwcE22u+NUSmUxqF+un70P9GXKxa2HCNiTTMJknyjQ==",
      "dev": true
    }
  }
}
